// !$*UTF8*$!
{
	archiveVersion = 1;
	classes = {
	};
	objectVersion = 50;
	objects = {

/* Begin PBXBuildFile section */
		FA85350E270DF59E00C8CD76 /* OderForm.swift in Sources */ = {isa = PBXBuildFile; fileRef = FA85350D270DF59E00C8CD76 /* OderForm.swift */; };
		FAE58D25270AF2580060ECF0 /* FoodDeliveryApp.swift in Sources */ = {isa = PBXBuildFile; fileRef = FAE58D24270AF2580060ECF0 /* FoodDeliveryApp.swift */; };
		FAE58D27270AF2580060ECF0 /* ContentView.swift in Sources */ = {isa = PBXBuildFile; fileRef = FAE58D26270AF2580060ECF0 /* ContentView.swift */; };
		FAE58D29270AF25B0060ECF0 /* Assets.xcassets in Resources */ = {isa = PBXBuildFile; fileRef = FAE58D28270AF25B0060ECF0 /* Assets.xcassets */; };
		FAE58D2C270AF25B0060ECF0 /* Preview Assets.xcassets in Resources */ = {isa = PBXBuildFile; fileRef = FAE58D2B270AF25B0060ECF0 /* Preview Assets.xcassets */; };
		FAE58D35270B00A60060ECF0 /* Food.swift in Sources */ = {isa = PBXBuildFile; fileRef = FAE58D34270B00A60060ECF0 /* Food.swift */; };
		FAE58D38270B016E0060ECF0 /* Helper.swift in Sources */ = {isa = PBXBuildFile; fileRef = FAE58D37270B016E0060ECF0 /* Helper.swift */; };
		FAE58D3B270B045F0060ECF0 /* FoodData.swift in Sources */ = {isa = PBXBuildFile; fileRef = FAE58D3A270B045F0060ECF0 /* FoodData.swift */; };
		FAE58D3E270B05640060ECF0 /* DetailRow.swift in Sources */ = {isa = PBXBuildFile; fileRef = FAE58D3D270B05640060ECF0 /* DetailRow.swift */; };
		FAE58D41270B125C0060ECF0 /* DetailView.swift in Sources */ = {isa = PBXBuildFile; fileRef = FAE58D40270B125C0060ECF0 /* DetailView.swift */; };
/* End PBXBuildFile section */

/* Begin PBXFileReference section */
		FA85350D270DF59E00C8CD76 /* OderForm.swift */ = {isa = PBXFileReference; lastKnownFileType = sourcecode.swift; path = OderForm.swift; sourceTree = "<group>"; };
		FAE58D21270AF2580060ECF0 /* FoodDelivery.app */ = {isa = PBXFileReference; explicitFileType = wrapper.application; includeInIndex = 0; path = FoodDelivery.app; sourceTree = BUILT_PRODUCTS_DIR; };
		FAE58D24270AF2580060ECF0 /* FoodDeliveryApp.swift */ = {isa = PBXFileReference; lastKnownFileType = sourcecode.swift; path = FoodDeliveryApp.swift; sourceTree = "<group>"; };
		FAE58D26270AF2580060ECF0 /* ContentView.swift */ = {isa = PBXFileReference; lastKnownFileType = sourcecode.swift; path = ContentView.swift; sourceTree = "<group>"; };
		FAE58D28270AF25B0060ECF0 /* Assets.xcassets */ = {isa = PBXFileReference; lastKnownFileType = folder.assetcatalog; path = Assets.xcassets; sourceTree = "<group>"; };
		FAE58D2B270AF25B0060ECF0 /* Preview Assets.xcassets */ = {isa = PBXFileReference; lastKnownFileType = folder.assetcatalog; path = "Preview Assets.xcassets"; sourceTree = "<group>"; };
		FAE58D2D270AF25B0060ECF0 /* Info.plist */ = {isa = PBXFileReference; lastKnownFileType = text.plist.xml; path = Info.plist; sourceTree = "<group>"; };
		FAE58D34270B00A60060ECF0 /* Food.swift */ = {isa = PBXFileReference; lastKnownFileType = sourcecode.swift; path = Food.swift; sourceTree = "<group>"; };
		FAE58D37270B016E0060ECF0 /* Helper.swift */ = {isa = PBXFileReference; lastKnownFileType = sourcecode.swift; path = Helper.swift; sourceTree = "<group>"; };
		FAE58D3A270B045F0060ECF0 /* FoodData.swift */ = {isa = PBXFileReference; fileEncoding = 4; lastKnownFileType = sourcecode.swift; name = FoodData.swift; path = "../../../../../Downloads/MasteringSwiftUIResources-master/Chapter 4 - Food Delivery Pt. 1/FoodDeliveryPt1/FoodDeliveryPt1/FoodData.swift"; sourceTree = "<group>"; };
		FAE58D3D270B05640060ECF0 /* DetailRow.swift */ = {isa = PBXFileReference; fileEncoding = 4; lastKnownFileType = sourcecode.swift; name = DetailRow.swift; path = "../../../../../Downloads/MasteringSwiftUIResources-master/Chapter 4 - Food Delivery Pt. 1/FoodDeliveryPt1/FoodDeliveryPt1/DetailRow.swift"; sourceTree = "<group>"; };
		FAE58D40270B125C0060ECF0 /* DetailView.swift */ = {isa = PBXFileReference; lastKnownFileType = sourcecode.swift; path = DetailView.swift; sourceTree = "<group>"; };
/* End PBXFileReference section */

/* Begin PBXFrameworksBuildPhase section */
		FAE58D1E270AF2580060ECF0 /* Frameworks */ = {
			isa = PBXFrameworksBuildPhase;
			buildActionMask = 2147483647;
			files = (
			);
			runOnlyForDeploymentPostprocessing = 0;
		};
/* End PBXFrameworksBuildPhase section */

/* Begin PBXGroup section */
		FAE58D18270AF2580060ECF0 = {
			isa = PBXGroup;
			children = (
				FAE58D23270AF2580060ECF0 /* FoodDelivery */,
				FAE58D22270AF2580060ECF0 /* Products */,
			);
			sourceTree = "<group>";
		};
		FAE58D22270AF2580060ECF0 /* Products */ = {
			isa = PBXGroup;
			children = (
				FAE58D21270AF2580060ECF0 /* FoodDelivery.app */,
			);
			name = Products;
			sourceTree = "<group>";
		};
		FAE58D23270AF2580060ECF0 /* FoodDelivery */ = {
			isa = PBXGroup;
			children = (
				FAE58D3D270B05640060ECF0 /* DetailRow.swift */,
				FAE58D3A270B045F0060ECF0 /* FoodData.swift */,
				FAE58D24270AF2580060ECF0 /* FoodDeliveryApp.swift */,
				FAE58D26270AF2580060ECF0 /* ContentView.swift */,
				FAE58D28270AF25B0060ECF0 /* Assets.xcassets */,
				FAE58D2D270AF25B0060ECF0 /* Info.plist */,
				FAE58D2A270AF25B0060ECF0 /* Preview Content */,
				FAE58D34270B00A60060ECF0 /* Food.swift */,
				FAE58D37270B016E0060ECF0 /* Helper.swift */,
				FAE58D40270B125C0060ECF0 /* DetailView.swift */,
				FA85350D270DF59E00C8CD76 /* OderForm.swift */,
			);
			path = FoodDelivery;
			sourceTree = "<group>";
		};
		FAE58D2A270AF25B0060ECF0 /* Preview Content */ = {
			isa = PBXGroup;
			children = (
				FAE58D2B270AF25B0060ECF0 /* Preview Assets.xcassets */,
			);
			path = "Preview Content";
			sourceTree = "<group>";
		};
/* End PBXGroup section */

/* Begin PBXNativeTarget section */
		FAE58D20270AF2580060ECF0 /* FoodDelivery */ = {
			isa = PBXNativeTarget;
			buildConfigurationList = FAE58D30270AF25B0060ECF0 /* Build configuration list for PBXNativeTarget "FoodDelivery" */;
			buildPhases = (
				FAE58D1D270AF2580060ECF0 /* Sources */,
				FAE58D1E270AF2580060ECF0 /* Frameworks */,
				FAE58D1F270AF2580060ECF0 /* Resources */,
			);
			buildRules = (
			);
			dependencies = (
			);
			name = FoodDelivery;
			productName = FoodDelivery;
			productReference = FAE58D21270AF2580060ECF0 /* FoodDelivery.app */;
			productType = "com.apple.product-type.application";
		};
/* End PBXNativeTarget section */

/* Begin PBXProject section */
		FAE58D19270AF2580060ECF0 /* Project object */ = {
			isa = PBXProject;
			attributes = {
				LastSwiftUpdateCheck = 1240;
				LastUpgradeCheck = 1240;
				TargetAttributes = {
					FAE58D20270AF2580060ECF0 = {
						CreatedOnToolsVersion = 12.4;
					};
				};
			};
			buildConfigurationList = FAE58D1C270AF2580060ECF0 /* Build configuration list for PBXProject "FoodDelivery" */;
			compatibilityVersion = "Xcode 9.3";
			developmentRegion = en;
			hasScannedForEncodings = 0;
			knownRegions = (
				en,
				Base,
			);
			mainGroup = FAE58D18270AF2580060ECF0;
			productRefGroup = FAE58D22270AF2580060ECF0 /* Products */;
			projectDirPath = "";
			projectRoot = "";
			targets = (
				FAE58D20270AF2580060ECF0 /* FoodDelivery */,
			);
		};
/* End PBXProject section */

/* Begin PBXResourcesBuildPhase section */
		FAE58D1F270AF2580060ECF0 /* Resources */ = {
			isa = PBXResourcesBuildPhase;
			buildActionMask = 2147483647;
			files = (
				FAE58D2C270AF25B0060ECF0 /* Preview Assets.xcassets in Resources */,
				FAE58D29270AF25B0060ECF0 /* Assets.xcassets in Resources */,
			);
			runOnlyForDeploymentPostprocessing = 0;
		};
/* End PBXResourcesBuildPhase section */

/* Begin PBXSourcesBuildPhase section */
		FAE58D1D270AF2580060ECF0 /* Sources */ = {
			isa = PBXSourcesBuildPhase;
			buildActionMask = 2147483647;
			files = (
				FAE58D27270AF2580060ECF0 /* ContentView.swift in Sources */,
				FAE58D25270AF2580060ECF0 /* FoodDeliveryApp.swift in Sources */,
				FAE58D35270B00A60060ECF0 /* Food.swift in Sources */,
				FAE58D41270B125C0060ECF0 /* DetailView.swift in Sources */,
				FAE58D3B270B045F0060ECF0 /* FoodData.swift in Sources */,
				FAE58D38270B016E0060ECF0 /* Helper.swift in Sources */,
				FAE58D3E270B05640060ECF0 /* DetailRow.swift in Sources */,
				FA85350E270DF59E00C8CD76 /* OderForm.swift in Sources */,
			);
			runOnlyForDeploymentPostprocessing = 0;
		};
/* End PBXSourcesBuildPhase section */

/* Begin XCBuildConfiguration section */
		FAE58D2E270AF25B0060ECF0 /* Debug */ = {
			isa = XCBuildConfiguration;
			buildSettings = {
				ALWAYS_SEARCH_USER_PATHS = NO;
				CLANG_ANALYZER_NONNULL = YES;
				CLANG_ANALYZER_NUMBER_OBJECT_CONVERSION = YES_AGGRESSIVE;
				CLANG_CXX_LANGUAGE_STANDARD = "gnu++14";
				CLANG_CXX_LIBRARY = "libc++";
				CLANG_ENABLE_MODULES = YES;
				CLANG_ENABLE_OBJC_ARC = YES;
				CLANG_ENABLE_OBJC_WEAK = YES;
				CLANG_WARN_BLOCK_CAPTURE_AUTORELEASING = YES;
				CLANG_WARN_BOOL_CONVERSION = YES;
				CLANG_WARN_COMMA = YES;
				CLANG_WARN_CONSTANT_CONVERSION = YES;
				CLANG_WARN_DEPRECATED_OBJC_IMPLEMENTATIONS = YES;
				CLANG_WARN_DIRECT_OBJC_ISA_USAGE = YES_ERROR;
				CLANG_WARN_DOCUMENTATION_COMMENTS = YES;
				CLANG_WARN_EMPTY_BODY = YES;
				CLANG_WARN_ENUM_CONVERSION = YES;
				CLANG_WARN_INFINITE_RECURSION = YES;
				CLANG_WARN_INT_CONVERSION = YES;
				CLANG_WARN_NON_LITERAL_NULL_CONVERSION = YES;
				CLANG_WARN_OBJC_IMPLICIT_RETAIN_SELF = YES;
				CLANG_WARN_OBJC_LITERAL_CONVERSION = YES;
				CLANG_WARN_OBJC_ROOT_CLASS = YES_ERROR;
				CLANG_WARN_QUOTED_INCLUDE_IN_FRAMEWORK_HEADER = YES;
				CLANG_WARN_RANGE_LOOP_ANALYSIS = YES;
				CLANG_WARN_STRICT_PROTOTYPES = YES;
				CLANG_WARN_SUSPICIOUS_MOVE = YES;
				CLANG_WARN_UNGUARDED_AVAILABILITY = YES_AGGRESSIVE;
				CLANG_WARN_UNREACHABLE_CODE = YES;
				CLANG_WARN__DUPLICATE_METHOD_MATCH = YES;
				COPY_PHASE_STRIP = NO;
				DEBUG_INFORMATION_FORMAT = dwarf;
				ENABLE_STRICT_OBJC_MSGSEND = YES;
				ENABLE_TESTABILITY = YES;
				GCC_C_LANGUAGE_STANDARD = gnu11;
				GCC_DYNAMIC_NO_PIC = NO;
				GCC_NO_COMMON_BLOCKS = YES;
				GCC_OPTIMIZATION_LEVEL = 0;
				GCC_PREPROCESSOR_DEFINITIONS = (
					"DEBUG=1",
					"$(inherited)",
				);
				GCC_WARN_64_TO_32_BIT_CONVERSION = YES;
				GCC_WARN_ABOUT_RETURN_TYPE = YES_ERROR;
				GCC_WARN_UNDECLARED_SELECTOR = YES;
				GCC_WARN_UNINITIALIZED_AUTOS = YES_AGGRESSIVE;
				GCC_WARN_UNUSED_FUNCTION = YES;
				GCC_WARN_UNUSED_VARIABLE = YES;
				IPHONEOS_DEPLOYMENT_TARGET = 14.4;
				MTL_ENABLE_DEBUG_INFO = INCLUDE_SOURCE;
				MTL_FAST_MATH = YES;
				ONLY_ACTIVE_ARCH = YES;
				SDKROOT = iphoneos;
				SWIFT_ACTIVE_COMPILATION_CONDITIONS = DEBUG;
				SWIFT_OPTIMIZATION_LEVEL = "-Onone";
			};
			name = Debug;
		};
		FAE58D2F270AF25B0060ECF0 /* Release */ = {
			isa = XCBuildConfiguration;
			buildSettings = {
				ALWAYS_SEARCH_USER_PATHS = NO;
				CLANG_ANALYZER_NONNULL = YES;
				CLANG_ANALYZER_NUMBER_OBJECT_CONVERSION = YES_AGGRESSIVE;
				CLANG_CXX_LANGUAGE_STANDARD = "gnu++14";
				CLANG_CXX_LIBRARY = "libc++";
				CLANG_ENABLE_MODULES = YES;
				CLANG_ENABLE_OBJC_ARC = YES;
				CLANG_ENABLE_OBJC_WEAK = YES;
				CLANG_WARN_BLOCK_CAPTURE_AUTORELEASING = YES;
				CLANG_WARN_BOOL_CONVERSION = YES;
				CLANG_WARN_COMMA = YES;
				CLANG_WARN_CONSTANT_CONVERSION = YES;
				CLANG_WARN_DEPRECATED_OBJC_IMPLEMENTATIONS = YES;
				CLANG_WARN_DIRECT_OBJC_ISA_USAGE = YES_ERROR;
				CLANG_WARN_DOCUMENTATION_COMMENTS = YES;
				CLANG_WARN_EMPTY_BODY = YES;
				CLANG_WARN_ENUM_CONVERSION = YES;
				CLANG_WARN_INFINITE_RECURSION = YES;
				CLANG_WARN_INT_CONVERSION = YES;
				CLANG_WARN_NON_LITERAL_NULL_CONVERSION = YES;
				CLANG_WARN_OBJC_IMPLICIT_RETAIN_SELF = YES;
				CLANG_WARN_OBJC_LITERAL_CONVERSION = YES;
				CLANG_WARN_OBJC_ROOT_CLASS = YES_ERROR;
				CLANG_WARN_QUOTED_INCLUDE_IN_FRAMEWORK_HEADER = YES;
				CLANG_WARN_RANGE_LOOP_ANALYSIS = YES;
				CLANG_WARN_STRICT_PROTOTYPES = YES;
				CLANG_WARN_SUSPICIOUS_MOVE = YES;
				CLANG_WARN_UNGUARDED_AVAILABILITY = YES_AGGRESSIVE;
				CLANG_WARN_UNREACHABLE_CODE = YES;
				CLANG_WARN__DUPLICATE_METHOD_MATCH = YES;
				COPY_PHASE_STRIP = NO;
				DEBUG_INFORMATION_FORMAT = "dwarf-with-dsym";
				ENABLE_NS_ASSERTIONS = NO;
				ENABLE_STRICT_OBJC_MSGSEND = YES;
				GCC_C_LANGUAGE_STANDARD = gnu11;
				GCC_NO_COMMON_BLOCKS = YES;
				GCC_WARN_64_TO_32_BIT_CONVERSION = YES;
				GCC_WARN_ABOUT_RETURN_TYPE = YES_ERROR;
				GCC_WARN_UNDECLARED_SELECTOR = YES;
				GCC_WARN_UNINITIALIZED_AUTOS = YES_AGGRESSIVE;
				GCC_WARN_UNUSED_FUNCTION = YES;
				GCC_WARN_UNUSED_VARIABLE = YES;
				IPHONEOS_DEPLOYMENT_TARGET = 14.4;
				MTL_ENABLE_DEBUG_INFO = NO;
				MTL_FAST_MATH = YES;
				SDKROOT = iphoneos;
				SWIFT_COMPILATION_MODE = wholemodule;
				SWIFT_OPTIMIZATION_LEVEL = "-O";
				VALIDATE_PRODUCT = YES;
			};
			name = Release;
		};
		FAE58D31270AF25B0060ECF0 /* Debug */ = {
			isa = XCBuildConfiguration;
			buildSettings = {
				ASSETCATALOG_COMPILER_APPICON_NAME = AppIcon;
				ASSETCATALOG_COMPILER_GLOBAL_ACCENT_COLOR_NAME = AccentColor;
				CODE_SIGN_STYLE = Automatic;
				DEVELOPMENT_ASSET_PATHS = "\"FoodDelivery/Preview Content\"";
				DEVELOPMENT_TEAM = 537B8A6WD6;
				ENABLE_PREVIEWS = YES;
				INFOPLIST_FILE = FoodDelivery/Info.plist;
				IPHONEOS_DEPLOYMENT_TARGET = 14.0;
				LD_RUNPATH_SEARCH_PATHS = (
					"$(inherited)",
					"@executable_path/Frameworks",
				);
				PRODUCT_BUNDLE_IDENTIFIER = work.FoodDelivery;
				PRODUCT_NAME = "$(TARGET_NAME)";
				SWIFT_VERSION = 5.0;
				TARGETED_DEVICE_FAMILY = "1,2";
			};
			name = Debug;
		};
		FAE58D32270AF25B0060ECF0 /* Release */ = {
			isa = XCBuildConfiguration;
			buildSettings = {
				ASSETCATALOG_COMPILER_APPICON_NAME = AppIcon;
				ASSETCATALOG_COMPILER_GLOBAL_ACCENT_COLOR_NAME = AccentColor;
				CODE_SIGN_STYLE = Automatic;
				DEVELOPMENT_ASSET_PATHS = "\"FoodDelivery/Preview Content\"";
				DEVELOPMENT_TEAM = 537B8A6WD6;
				ENABLE_PREVIEWS = YES;
				INFOPLIST_FILE = FoodDelivery/Info.plist;
				IPHONEOS_DEPLOYMENT_TARGET = 14.0;
				LD_RUNPATH_SEARCH_PATHS = (
					"$(inherited)",
					"@executable_path/Frameworks",
				);
				PRODUCT_BUNDLE_IDENTIFIER = work.FoodDelivery;
				PRODUCT_NAME = "$(TARGET_NAME)";
				SWIFT_VERSION = 5.0;
				TARGETED_DEVICE_FAMILY = "1,2";
			};
			name = Release;
		};
/* End XCBuildConfiguration section */

/* Begin XCConfigurationList section */
		FAE58D1C270AF2580060ECF0 /* Build configuration list for PBXProject "FoodDelivery" */ = {
			isa = XCConfigurationList;
			buildConfigurations = (
				FAE58D2E270AF25B0060ECF0 /* Debug */,
				FAE58D2F270AF25B0060ECF0 /* Release */,
			);
			defaultConfigurationIsVisible = 0;
			defaultConfigurationName = Release;
		};
		FAE58D30270AF25B0060ECF0 /* Build configuration list for PBXNativeTarget "FoodDelivery" */ = {
			isa = XCConfigurationList;
			buildConfigurations = (
				FAE58D31270AF25B0060ECF0 /* Debug */,
				FAE58D32270AF25B0060ECF0 /* Release */,
			);
			defaultConfigurationIsVisible = 0;
			defaultConfigurationName = Release;
		};
/* End XCConfigurationList section */
	};
	rootObject = FAE58D19270AF2580060ECF0 /* Project object */;
}
